// !$*UTF8*$!
{
	archiveVersion = 1;
	classes = {
	};
	objectVersion = 55;
	objects = {

/* Begin PBXBuildFile section */
		DB02784B274C552C00B37EF8 /* URLSessionHTTPClient.swift in Sources */ = {isa = PBXBuildFile; fileRef = DB02784A274C552C00B37EF8 /* URLSessionHTTPClient.swift */; };
		DB027853274C5C3A00B37EF8 /* EssentialFeedAPIEndToEndTests.swift in Sources */ = {isa = PBXBuildFile; fileRef = DB027852274C5C3A00B37EF8 /* EssentialFeedAPIEndToEndTests.swift */; };
		DB027854274C5C3A00B37EF8 /* EssentialFeed.framework in Frameworks */ = {isa = PBXBuildFile; fileRef = DB23C11227398A5100EDA29E /* EssentialFeed.framework */; };
		DB02785A274C60E700B37EF8 /* XCTestCase+MemoryLeakTracking.swift in Sources */ = {isa = PBXBuildFile; fileRef = DB34E5F5274C02F7000A6954 /* XCTestCase+MemoryLeakTracking.swift */; };
		DB0771B827AA844A000FCB41 /* FeedPresenter.swift in Sources */ = {isa = PBXBuildFile; fileRef = DB0771B727AA844A000FCB41 /* FeedPresenter.swift */; };
		DB1523F127472C3700609A0E /* HTTPClient.swift in Sources */ = {isa = PBXBuildFile; fileRef = DB1523F027472C3700609A0E /* HTTPClient.swift */; };
		DB1523F327472CAE00609A0E /* FeedItemsMapper.swift in Sources */ = {isa = PBXBuildFile; fileRef = DB1523F227472CAE00609A0E /* FeedItemsMapper.swift */; };
		DB167E872742A9B700B92CF1 /* LoadFeedFromRemoteUseCaseTests.swift in Sources */ = {isa = PBXBuildFile; fileRef = DB167E862742A9B700B92CF1 /* LoadFeedFromRemoteUseCaseTests.swift */; };
		DB167E8A2742EC3E00B92CF1 /* RemoteFeedLoader.swift in Sources */ = {isa = PBXBuildFile; fileRef = DB167E892742EC3E00B92CF1 /* RemoteFeedLoader.swift */; };
		DB199971277E9B29001EF409 /* FeedStoreSpecs.swift in Sources */ = {isa = PBXBuildFile; fileRef = DB199970277E9B29001EF409 /* FeedStoreSpecs.swift */; };
		DB199973277E9C0C001EF409 /* XCTestCase+FeedStoreSpecs.swift in Sources */ = {isa = PBXBuildFile; fileRef = DB199972277E9C0C001EF409 /* XCTestCase+FeedStoreSpecs.swift */; };
		DB199975277EA079001EF409 /* XCTestCase+FailableRetrieveFeedStoreSpecs.swift in Sources */ = {isa = PBXBuildFile; fileRef = DB199974277EA079001EF409 /* XCTestCase+FailableRetrieveFeedStoreSpecs.swift */; };
		DB199977277EA10F001EF409 /* XCTestCase+FailableInsertFeedStoreSpecs.swift in Sources */ = {isa = PBXBuildFile; fileRef = DB199976277EA10F001EF409 /* XCTestCase+FailableInsertFeedStoreSpecs.swift */; };
		DB199979277EA196001EF409 /* XCTestCase+FailableDeleteFeedStoreSpecs.swift in Sources */ = {isa = PBXBuildFile; fileRef = DB199978277EA196001EF409 /* XCTestCase+FailableDeleteFeedStoreSpecs.swift */; };
		DB19997C27812281001EF409 /* CoreDataFeedStoreTests.swift in Sources */ = {isa = PBXBuildFile; fileRef = DB19997B27812281001EF409 /* CoreDataFeedStoreTests.swift */; };
		DB19997E2781235B001EF409 /* CoreDataFeedStore.swift in Sources */ = {isa = PBXBuildFile; fileRef = DB19997D2781235B001EF409 /* CoreDataFeedStore.swift */; };
		DB19998127812534001EF409 /* FeedStore.xcdatamodeld in Sources */ = {isa = PBXBuildFile; fileRef = DB19997F27812534001EF409 /* FeedStore.xcdatamodeld */; };
		DB23C11D27398A5100EDA29E /* EssentialFeed.framework in Frameworks */ = {isa = PBXBuildFile; fileRef = DB23C11227398A5100EDA29E /* EssentialFeed.framework */; };
		DB23C12327398A5100EDA29E /* EssentialFeed.h in Headers */ = {isa = PBXBuildFile; fileRef = DB23C11527398A5100EDA29E /* EssentialFeed.h */; settings = {ATTRIBUTES = (Public, ); }; };
		DB23C12F27398F9200EDA29E /* FeedImage.swift in Sources */ = {isa = PBXBuildFile; fileRef = DB23C12E27398F9200EDA29E /* FeedImage.swift */; };
		DB23C13127398FBA00EDA29E /* FeedLoader.swift in Sources */ = {isa = PBXBuildFile; fileRef = DB23C13027398FBA00EDA29E /* FeedLoader.swift */; };
		DB34E5F6274C02F7000A6954 /* XCTestCase+MemoryLeakTracking.swift in Sources */ = {isa = PBXBuildFile; fileRef = DB34E5F5274C02F7000A6954 /* XCTestCase+MemoryLeakTracking.swift */; };
		DB36ABEF27A83AD20057DD83 /* UIView+Shimmering.swift in Sources */ = {isa = PBXBuildFile; fileRef = DB36ABEE27A83AD20057DD83 /* UIView+Shimmering.swift */; };
		DB668F1927693AEB00989F41 /* RemoteFeedItem.swift in Sources */ = {isa = PBXBuildFile; fileRef = DB668F1827693AEB00989F41 /* RemoteFeedItem.swift */; };
		DB668F1B27693BBF00989F41 /* LocalFeedImage.swift in Sources */ = {isa = PBXBuildFile; fileRef = DB668F1A27693BBF00989F41 /* LocalFeedImage.swift */; };
		DB6CBDE727834C98002857B0 /* CoreDataHelpers.swift in Sources */ = {isa = PBXBuildFile; fileRef = DB6CBDE627834C98002857B0 /* CoreDataHelpers.swift */; };
		DB6CBDE927834D0F002857B0 /* ManagedCache.swift in Sources */ = {isa = PBXBuildFile; fileRef = DB6CBDE827834D0F002857B0 /* ManagedCache.swift */; };
		DB6CBDEB27834D1D002857B0 /* ManagedFeedImage.swift in Sources */ = {isa = PBXBuildFile; fileRef = DB6CBDEA27834D1D002857B0 /* ManagedFeedImage.swift */; };
		DB6CBE0D2785F1D6002857B0 /* EssentialFeedCacheIntegrationTests.swift in Sources */ = {isa = PBXBuildFile; fileRef = DB6CBE0C2785F1D6002857B0 /* EssentialFeedCacheIntegrationTests.swift */; };
		DB6CBE0E2785F1D6002857B0 /* EssentialFeed.framework in Frameworks */ = {isa = PBXBuildFile; fileRef = DB23C11227398A5100EDA29E /* EssentialFeed.framework */; };
		DB6CBE142785F524002857B0 /* XCTestCase+MemoryLeakTracking.swift in Sources */ = {isa = PBXBuildFile; fileRef = DB34E5F5274C02F7000A6954 /* XCTestCase+MemoryLeakTracking.swift */; };
		DB6CBE152785FB4F002857B0 /* FeedCacheTestHelpers.swift in Sources */ = {isa = PBXBuildFile; fileRef = DBA532D9277B72080039CED6 /* FeedCacheTestHelpers.swift */; };
		DB6CBE162785FB69002857B0 /* SharedTestHelpers.swift in Sources */ = {isa = PBXBuildFile; fileRef = DBA532DB277B72B40039CED6 /* SharedTestHelpers.swift */; };
		DB767A232748637400AA6A2B /* URLSessionHTTPClientTests.swift in Sources */ = {isa = PBXBuildFile; fileRef = DB767A222748637400AA6A2B /* URLSessionHTTPClientTests.swift */; };
		DB83ACB627A4845B00F4BFE3 /* FeedImageCell.swift in Sources */ = {isa = PBXBuildFile; fileRef = DB83ACB527A4845B00F4BFE3 /* FeedImageCell.swift */; };
		DB84706E276A511900E35820 /* LoadFeedFromCacheUseCaseTests.swift in Sources */ = {isa = PBXBuildFile; fileRef = DB84706D276A511900E35820 /* LoadFeedFromCacheUseCaseTests.swift */; };
		DB847071276A534700E35820 /* FeedStoreSpy.swift in Sources */ = {isa = PBXBuildFile; fileRef = DB847070276A534700E35820 /* FeedStoreSpy.swift */; };
		DB9257CC27971CCC007BADB6 /* EssentialFeediOS.framework in Frameworks */ = {isa = PBXBuildFile; fileRef = DB9257C427971CCB007BADB6 /* EssentialFeediOS.framework */; };
		DB9ED6902797611200C3D639 /* EssentialFeed.framework in Frameworks */ = {isa = PBXBuildFile; fileRef = DB23C11227398A5100EDA29E /* EssentialFeed.framework */; platformFilter = ios; };
		DB9ED6912797611200C3D639 /* EssentialFeed.framework in Embed Frameworks */ = {isa = PBXBuildFile; fileRef = DB23C11227398A5100EDA29E /* EssentialFeed.framework */; platformFilter = ios; settings = {ATTRIBUTES = (CodeSignOnCopy, RemoveHeadersOnCopy, ); }; };
		DBA532D8277B6E9B0039CED6 /* ValidateFeedCacheUseCaseTests.swift in Sources */ = {isa = PBXBuildFile; fileRef = DBA532D7277B6E9B0039CED6 /* ValidateFeedCacheUseCaseTests.swift */; };
		DBA532DA277B72080039CED6 /* FeedCacheTestHelpers.swift in Sources */ = {isa = PBXBuildFile; fileRef = DBA532D9277B72080039CED6 /* FeedCacheTestHelpers.swift */; };
		DBA532DC277B72B40039CED6 /* SharedTestHelpers.swift in Sources */ = {isa = PBXBuildFile; fileRef = DBA532DB277B72B40039CED6 /* SharedTestHelpers.swift */; };
		DBA532DE277B82AD0039CED6 /* FeedCachePolicy.swift in Sources */ = {isa = PBXBuildFile; fileRef = DBA532DD277B82AD0039CED6 /* FeedCachePolicy.swift */; };
		DBDEFBC627A95770002E71DB /* UIImage+TestHelpers.swift in Sources */ = {isa = PBXBuildFile; fileRef = DBDEFBC527A95770002E71DB /* UIImage+TestHelpers.swift */; };
		DBDEFBC827A957E8002E71DB /* UIRefreshControl+TestHelpers.swift in Sources */ = {isa = PBXBuildFile; fileRef = DBDEFBC727A957E8002E71DB /* UIRefreshControl+TestHelpers.swift */; };
		DBDEFBCA27A95829002E71DB /* UIButton+TestHelpers.swift in Sources */ = {isa = PBXBuildFile; fileRef = DBDEFBC927A95829002E71DB /* UIButton+TestHelpers.swift */; };
		DBDEFBCC27A9586E002E71DB /* UIControl+TestHelpers.swift in Sources */ = {isa = PBXBuildFile; fileRef = DBDEFBCB27A9586E002E71DB /* UIControl+TestHelpers.swift */; };
		DBDEFBD227A95B40002E71DB /* FeedViewController+TestHelpers.swift in Sources */ = {isa = PBXBuildFile; fileRef = DBDEFBD127A95B40002E71DB /* FeedViewController+TestHelpers.swift */; };
		DBDEFBD627A95C17002E71DB /* FeedImageCell+TestHelpers.swift in Sources */ = {isa = PBXBuildFile; fileRef = DBDEFBD527A95C17002E71DB /* FeedImageCell+TestHelpers.swift */; };
		DBDEFBD827A95C8C002E71DB /* FeedViewControllerTests+LoaderSpy.swift in Sources */ = {isa = PBXBuildFile; fileRef = DBDEFBD727A95C8C002E71DB /* FeedViewControllerTests+LoaderSpy.swift */; };
		DBDEFBDA27A95D06002E71DB /* FeedViewControllerTests+Assertions.swift in Sources */ = {isa = PBXBuildFile; fileRef = DBDEFBD927A95D06002E71DB /* FeedViewControllerTests+Assertions.swift */; };
		DBDEFBDF27A95DFE002E71DB /* FeedImageDataLoader.swift in Sources */ = {isa = PBXBuildFile; fileRef = DBDEFBDE27A95DFE002E71DB /* FeedImageDataLoader.swift */; };
		DBDEFBE127A96182002E71DB /* FeedRefreshViewController.swift in Sources */ = {isa = PBXBuildFile; fileRef = DBDEFBE027A96182002E71DB /* FeedRefreshViewController.swift */; };
		DBDEFBE327A9670C002E71DB /* FeedImageCellController.swift in Sources */ = {isa = PBXBuildFile; fileRef = DBDEFBE227A9670C002E71DB /* FeedImageCellController.swift */; };
		DBDEFBE627A96AF5002E71DB /* FeedUIComposer.swift in Sources */ = {isa = PBXBuildFile; fileRef = DBDEFBE527A96AF5002E71DB /* FeedUIComposer.swift */; };
		DBDEFBE927A978B2002E71DB /* FeedViewModel.swift in Sources */ = {isa = PBXBuildFile; fileRef = DBDEFBE827A978B2002E71DB /* FeedViewModel.swift */; };
		DBDEFBEB27A98E98002E71DB /* FeedImageViewModel.swift in Sources */ = {isa = PBXBuildFile; fileRef = DBDEFBEA27A98E98002E71DB /* FeedImageViewModel.swift */; };
		DBE04DC527975DCB00F0D237 /* FeedViewControllerTests.swift in Sources */ = {isa = PBXBuildFile; fileRef = DBE04DC427975DCB00F0D237 /* FeedViewControllerTests.swift */; };
		DBE2B5EB27621D9E00AACF4F /* CacheFeedUseCaseTests.swift in Sources */ = {isa = PBXBuildFile; fileRef = DBE2B5EA27621D9E00AACF4F /* CacheFeedUseCaseTests.swift */; };
		DBE2B5EE2762BE3C00AACF4F /* LocalFeedLoader.swift in Sources */ = {isa = PBXBuildFile; fileRef = DBE2B5ED2762BE3C00AACF4F /* LocalFeedLoader.swift */; };
		DBE2B5F02762BEDD00AACF4F /* FeedStore.swift in Sources */ = {isa = PBXBuildFile; fileRef = DBE2B5EF2762BEDD00AACF4F /* FeedStore.swift */; };
		DBFB29EF27A165980026BEE3 /* XCTestCase+MemoryLeakTracking.swift in Sources */ = {isa = PBXBuildFile; fileRef = DB34E5F5274C02F7000A6954 /* XCTestCase+MemoryLeakTracking.swift */; };
		DBFB29F127A171B60026BEE3 /* FeedViewController.swift in Sources */ = {isa = PBXBuildFile; fileRef = DBFB29F027A171B60026BEE3 /* FeedViewController.swift */; };
/* End PBXBuildFile section */

/* Begin PBXContainerItemProxy section */
		DB027855274C5C3A00B37EF8 /* PBXContainerItemProxy */ = {
			isa = PBXContainerItemProxy;
			containerPortal = DB23C10927398A5100EDA29E /* Project object */;
			proxyType = 1;
			remoteGlobalIDString = DB23C11127398A5100EDA29E;
			remoteInfo = EssentialFeed;
		};
		DB23C11E27398A5100EDA29E /* PBXContainerItemProxy */ = {
			isa = PBXContainerItemProxy;
			containerPortal = DB23C10927398A5100EDA29E /* Project object */;
			proxyType = 1;
			remoteGlobalIDString = DB23C11127398A5100EDA29E;
			remoteInfo = EssentialFeed;
		};
		DB6CBE0F2785F1D6002857B0 /* PBXContainerItemProxy */ = {
			isa = PBXContainerItemProxy;
			containerPortal = DB23C10927398A5100EDA29E /* Project object */;
			proxyType = 1;
			remoteGlobalIDString = DB23C11127398A5100EDA29E;
			remoteInfo = EssentialFeed;
		};
		DB9257CD27971CCC007BADB6 /* PBXContainerItemProxy */ = {
			isa = PBXContainerItemProxy;
			containerPortal = DB23C10927398A5100EDA29E /* Project object */;
			proxyType = 1;
			remoteGlobalIDString = DB9257C327971CCB007BADB6;
			remoteInfo = EssentialFeediOS;
		};
		DB9ED6922797611200C3D639 /* PBXContainerItemProxy */ = {
			isa = PBXContainerItemProxy;
			containerPortal = DB23C10927398A5100EDA29E /* Project object */;
			proxyType = 1;
			remoteGlobalIDString = DB23C11127398A5100EDA29E;
			remoteInfo = EssentialFeed;
		};
/* End PBXContainerItemProxy section */

/* Begin PBXCopyFilesBuildPhase section */
		DB9ED6942797611200C3D639 /* Embed Frameworks */ = {
			isa = PBXCopyFilesBuildPhase;
			buildActionMask = 2147483647;
			dstPath = "";
			dstSubfolderSpec = 10;
			files = (
				DB9ED6912797611200C3D639 /* EssentialFeed.framework in Embed Frameworks */,
			);
			name = "Embed Frameworks";
			runOnlyForDeploymentPostprocessing = 0;
		};
/* End PBXCopyFilesBuildPhase section */

/* Begin PBXFileReference section */
		DB02784A274C552C00B37EF8 /* URLSessionHTTPClient.swift */ = {isa = PBXFileReference; lastKnownFileType = sourcecode.swift; path = URLSessionHTTPClient.swift; sourceTree = "<group>"; };
		DB027850274C5C3A00B37EF8 /* EssentialFeedAPIEndToEndTests.xctest */ = {isa = PBXFileReference; explicitFileType = wrapper.cfbundle; includeInIndex = 0; path = EssentialFeedAPIEndToEndTests.xctest; sourceTree = BUILT_PRODUCTS_DIR; };
		DB027852274C5C3A00B37EF8 /* EssentialFeedAPIEndToEndTests.swift */ = {isa = PBXFileReference; lastKnownFileType = sourcecode.swift; path = EssentialFeedAPIEndToEndTests.swift; sourceTree = "<group>"; };
		DB0771B727AA844A000FCB41 /* FeedPresenter.swift */ = {isa = PBXFileReference; lastKnownFileType = sourcecode.swift; path = FeedPresenter.swift; sourceTree = "<group>"; };
		DB1523F027472C3700609A0E /* HTTPClient.swift */ = {isa = PBXFileReference; lastKnownFileType = sourcecode.swift; path = HTTPClient.swift; sourceTree = "<group>"; };
		DB1523F227472CAE00609A0E /* FeedItemsMapper.swift */ = {isa = PBXFileReference; lastKnownFileType = sourcecode.swift; path = FeedItemsMapper.swift; sourceTree = "<group>"; };
		DB167E862742A9B700B92CF1 /* LoadFeedFromRemoteUseCaseTests.swift */ = {isa = PBXFileReference; lastKnownFileType = sourcecode.swift; path = LoadFeedFromRemoteUseCaseTests.swift; sourceTree = "<group>"; };
		DB167E892742EC3E00B92CF1 /* RemoteFeedLoader.swift */ = {isa = PBXFileReference; lastKnownFileType = sourcecode.swift; path = RemoteFeedLoader.swift; sourceTree = "<group>"; };
		DB199970277E9B29001EF409 /* FeedStoreSpecs.swift */ = {isa = PBXFileReference; lastKnownFileType = sourcecode.swift; path = FeedStoreSpecs.swift; sourceTree = "<group>"; };
		DB199972277E9C0C001EF409 /* XCTestCase+FeedStoreSpecs.swift */ = {isa = PBXFileReference; lastKnownFileType = sourcecode.swift; path = "XCTestCase+FeedStoreSpecs.swift"; sourceTree = "<group>"; };
		DB199974277EA079001EF409 /* XCTestCase+FailableRetrieveFeedStoreSpecs.swift */ = {isa = PBXFileReference; lastKnownFileType = sourcecode.swift; path = "XCTestCase+FailableRetrieveFeedStoreSpecs.swift"; sourceTree = "<group>"; };
		DB199976277EA10F001EF409 /* XCTestCase+FailableInsertFeedStoreSpecs.swift */ = {isa = PBXFileReference; lastKnownFileType = sourcecode.swift; path = "XCTestCase+FailableInsertFeedStoreSpecs.swift"; sourceTree = "<group>"; };
		DB199978277EA196001EF409 /* XCTestCase+FailableDeleteFeedStoreSpecs.swift */ = {isa = PBXFileReference; lastKnownFileType = sourcecode.swift; path = "XCTestCase+FailableDeleteFeedStoreSpecs.swift"; sourceTree = "<group>"; };
		DB19997B27812281001EF409 /* CoreDataFeedStoreTests.swift */ = {isa = PBXFileReference; lastKnownFileType = sourcecode.swift; path = CoreDataFeedStoreTests.swift; sourceTree = "<group>"; };
		DB19997D2781235B001EF409 /* CoreDataFeedStore.swift */ = {isa = PBXFileReference; lastKnownFileType = sourcecode.swift; path = CoreDataFeedStore.swift; sourceTree = "<group>"; };
		DB19998027812534001EF409 /* FeedStore.xcdatamodel */ = {isa = PBXFileReference; lastKnownFileType = wrapper.xcdatamodel; path = FeedStore.xcdatamodel; sourceTree = "<group>"; };
		DB23C11227398A5100EDA29E /* EssentialFeed.framework */ = {isa = PBXFileReference; explicitFileType = wrapper.framework; includeInIndex = 0; path = EssentialFeed.framework; sourceTree = BUILT_PRODUCTS_DIR; };
		DB23C11527398A5100EDA29E /* EssentialFeed.h */ = {isa = PBXFileReference; lastKnownFileType = sourcecode.c.h; path = EssentialFeed.h; sourceTree = "<group>"; };
		DB23C11C27398A5100EDA29E /* EssentialFeedTests.xctest */ = {isa = PBXFileReference; explicitFileType = wrapper.cfbundle; includeInIndex = 0; path = EssentialFeedTests.xctest; sourceTree = BUILT_PRODUCTS_DIR; };
		DB23C12E27398F9200EDA29E /* FeedImage.swift */ = {isa = PBXFileReference; lastKnownFileType = sourcecode.swift; path = FeedImage.swift; sourceTree = "<group>"; };
		DB23C13027398FBA00EDA29E /* FeedLoader.swift */ = {isa = PBXFileReference; lastKnownFileType = sourcecode.swift; path = FeedLoader.swift; sourceTree = "<group>"; };
		DB34E5F5274C02F7000A6954 /* XCTestCase+MemoryLeakTracking.swift */ = {isa = PBXFileReference; lastKnownFileType = sourcecode.swift; path = "XCTestCase+MemoryLeakTracking.swift"; sourceTree = "<group>"; };
		DB36ABEE27A83AD20057DD83 /* UIView+Shimmering.swift */ = {isa = PBXFileReference; lastKnownFileType = sourcecode.swift; path = "UIView+Shimmering.swift"; sourceTree = "<group>"; };
		DB668F1827693AEB00989F41 /* RemoteFeedItem.swift */ = {isa = PBXFileReference; lastKnownFileType = sourcecode.swift; path = RemoteFeedItem.swift; sourceTree = "<group>"; };
		DB668F1A27693BBF00989F41 /* LocalFeedImage.swift */ = {isa = PBXFileReference; lastKnownFileType = sourcecode.swift; path = LocalFeedImage.swift; sourceTree = "<group>"; };
		DB6CBDE627834C98002857B0 /* CoreDataHelpers.swift */ = {isa = PBXFileReference; lastKnownFileType = sourcecode.swift; path = CoreDataHelpers.swift; sourceTree = "<group>"; };
		DB6CBDE827834D0F002857B0 /* ManagedCache.swift */ = {isa = PBXFileReference; lastKnownFileType = sourcecode.swift; path = ManagedCache.swift; sourceTree = "<group>"; };
		DB6CBDEA27834D1D002857B0 /* ManagedFeedImage.swift */ = {isa = PBXFileReference; lastKnownFileType = sourcecode.swift; path = ManagedFeedImage.swift; sourceTree = "<group>"; };
		DB6CBE0A2785F1D6002857B0 /* EssentialFeedCacheIntegrationTests.xctest */ = {isa = PBXFileReference; explicitFileType = wrapper.cfbundle; includeInIndex = 0; path = EssentialFeedCacheIntegrationTests.xctest; sourceTree = BUILT_PRODUCTS_DIR; };
		DB6CBE0C2785F1D6002857B0 /* EssentialFeedCacheIntegrationTests.swift */ = {isa = PBXFileReference; lastKnownFileType = sourcecode.swift; path = EssentialFeedCacheIntegrationTests.swift; sourceTree = "<group>"; };
		DB767A222748637400AA6A2B /* URLSessionHTTPClientTests.swift */ = {isa = PBXFileReference; lastKnownFileType = sourcecode.swift; path = URLSessionHTTPClientTests.swift; sourceTree = "<group>"; };
		DB83ACB527A4845B00F4BFE3 /* FeedImageCell.swift */ = {isa = PBXFileReference; lastKnownFileType = sourcecode.swift; path = FeedImageCell.swift; sourceTree = "<group>"; };
		DB84706D276A511900E35820 /* LoadFeedFromCacheUseCaseTests.swift */ = {isa = PBXFileReference; lastKnownFileType = sourcecode.swift; path = LoadFeedFromCacheUseCaseTests.swift; sourceTree = "<group>"; };
		DB847070276A534700E35820 /* FeedStoreSpy.swift */ = {isa = PBXFileReference; lastKnownFileType = sourcecode.swift; path = FeedStoreSpy.swift; sourceTree = "<group>"; };
		DB9257C427971CCB007BADB6 /* EssentialFeediOS.framework */ = {isa = PBXFileReference; explicitFileType = wrapper.framework; includeInIndex = 0; path = EssentialFeediOS.framework; sourceTree = BUILT_PRODUCTS_DIR; };
		DB9257CB27971CCC007BADB6 /* EssentialFeediOSTests.xctest */ = {isa = PBXFileReference; explicitFileType = wrapper.cfbundle; includeInIndex = 0; path = EssentialFeediOSTests.xctest; sourceTree = BUILT_PRODUCTS_DIR; };
		DBA532D7277B6E9B0039CED6 /* ValidateFeedCacheUseCaseTests.swift */ = {isa = PBXFileReference; lastKnownFileType = sourcecode.swift; path = ValidateFeedCacheUseCaseTests.swift; sourceTree = "<group>"; };
		DBA532D9277B72080039CED6 /* FeedCacheTestHelpers.swift */ = {isa = PBXFileReference; lastKnownFileType = sourcecode.swift; path = FeedCacheTestHelpers.swift; sourceTree = "<group>"; };
		DBA532DB277B72B40039CED6 /* SharedTestHelpers.swift */ = {isa = PBXFileReference; lastKnownFileType = sourcecode.swift; path = SharedTestHelpers.swift; sourceTree = "<group>"; };
		DBA532DD277B82AD0039CED6 /* FeedCachePolicy.swift */ = {isa = PBXFileReference; lastKnownFileType = sourcecode.swift; path = FeedCachePolicy.swift; sourceTree = "<group>"; };
		DBDEFBC527A95770002E71DB /* UIImage+TestHelpers.swift */ = {isa = PBXFileReference; lastKnownFileType = sourcecode.swift; path = "UIImage+TestHelpers.swift"; sourceTree = "<group>"; };
		DBDEFBC727A957E8002E71DB /* UIRefreshControl+TestHelpers.swift */ = {isa = PBXFileReference; lastKnownFileType = sourcecode.swift; path = "UIRefreshControl+TestHelpers.swift"; sourceTree = "<group>"; };
		DBDEFBC927A95829002E71DB /* UIButton+TestHelpers.swift */ = {isa = PBXFileReference; lastKnownFileType = sourcecode.swift; path = "UIButton+TestHelpers.swift"; sourceTree = "<group>"; };
		DBDEFBCB27A9586E002E71DB /* UIControl+TestHelpers.swift */ = {isa = PBXFileReference; lastKnownFileType = sourcecode.swift; path = "UIControl+TestHelpers.swift"; sourceTree = "<group>"; };
		DBDEFBD127A95B40002E71DB /* FeedViewController+TestHelpers.swift */ = {isa = PBXFileReference; lastKnownFileType = sourcecode.swift; path = "FeedViewController+TestHelpers.swift"; sourceTree = "<group>"; };
		DBDEFBD527A95C17002E71DB /* FeedImageCell+TestHelpers.swift */ = {isa = PBXFileReference; lastKnownFileType = sourcecode.swift; path = "FeedImageCell+TestHelpers.swift"; sourceTree = "<group>"; };
		DBDEFBD727A95C8C002E71DB /* FeedViewControllerTests+LoaderSpy.swift */ = {isa = PBXFileReference; lastKnownFileType = sourcecode.swift; path = "FeedViewControllerTests+LoaderSpy.swift"; sourceTree = "<group>"; };
		DBDEFBD927A95D06002E71DB /* FeedViewControllerTests+Assertions.swift */ = {isa = PBXFileReference; lastKnownFileType = sourcecode.swift; path = "FeedViewControllerTests+Assertions.swift"; sourceTree = "<group>"; };
		DBDEFBDE27A95DFE002E71DB /* FeedImageDataLoader.swift */ = {isa = PBXFileReference; lastKnownFileType = sourcecode.swift; path = FeedImageDataLoader.swift; sourceTree = "<group>"; };
		DBDEFBE027A96182002E71DB /* FeedRefreshViewController.swift */ = {isa = PBXFileReference; lastKnownFileType = sourcecode.swift; path = FeedRefreshViewController.swift; sourceTree = "<group>"; };
		DBDEFBE227A9670C002E71DB /* FeedImageCellController.swift */ = {isa = PBXFileReference; lastKnownFileType = sourcecode.swift; path = FeedImageCellController.swift; sourceTree = "<group>"; };
		DBDEFBE527A96AF5002E71DB /* FeedUIComposer.swift */ = {isa = PBXFileReference; lastKnownFileType = sourcecode.swift; path = FeedUIComposer.swift; sourceTree = "<group>"; };
		DBDEFBE827A978B2002E71DB /* FeedViewModel.swift */ = {isa = PBXFileReference; lastKnownFileType = sourcecode.swift; path = FeedViewModel.swift; sourceTree = "<group>"; };
		DBDEFBEA27A98E98002E71DB /* FeedImageViewModel.swift */ = {isa = PBXFileReference; lastKnownFileType = sourcecode.swift; path = FeedImageViewModel.swift; sourceTree = "<group>"; };
		DBE04DC427975DCB00F0D237 /* FeedViewControllerTests.swift */ = {isa = PBXFileReference; lastKnownFileType = sourcecode.swift; path = FeedViewControllerTests.swift; sourceTree = "<group>"; };
		DBE2B5EA27621D9E00AACF4F /* CacheFeedUseCaseTests.swift */ = {isa = PBXFileReference; lastKnownFileType = sourcecode.swift; path = CacheFeedUseCaseTests.swift; sourceTree = "<group>"; };
		DBE2B5ED2762BE3C00AACF4F /* LocalFeedLoader.swift */ = {isa = PBXFileReference; lastKnownFileType = sourcecode.swift; path = LocalFeedLoader.swift; sourceTree = "<group>"; };
		DBE2B5EF2762BEDD00AACF4F /* FeedStore.swift */ = {isa = PBXFileReference; lastKnownFileType = sourcecode.swift; path = FeedStore.swift; sourceTree = "<group>"; };
		DBFB29F027A171B60026BEE3 /* FeedViewController.swift */ = {isa = PBXFileReference; lastKnownFileType = sourcecode.swift; path = FeedViewController.swift; sourceTree = "<group>"; };
/* End PBXFileReference section */

/* Begin PBXFrameworksBuildPhase section */
		DB02784D274C5C3A00B37EF8 /* Frameworks */ = {
			isa = PBXFrameworksBuildPhase;
			buildActionMask = 2147483647;
			files = (
				DB027854274C5C3A00B37EF8 /* EssentialFeed.framework in Frameworks */,
			);
			runOnlyForDeploymentPostprocessing = 0;
		};
		DB23C10F27398A5100EDA29E /* Frameworks */ = {
			isa = PBXFrameworksBuildPhase;
			buildActionMask = 2147483647;
			files = (
			);
			runOnlyForDeploymentPostprocessing = 0;
		};
		DB23C11927398A5100EDA29E /* Frameworks */ = {
			isa = PBXFrameworksBuildPhase;
			buildActionMask = 2147483647;
			files = (
				DB23C11D27398A5100EDA29E /* EssentialFeed.framework in Frameworks */,
			);
			runOnlyForDeploymentPostprocessing = 0;
		};
		DB6CBE072785F1D6002857B0 /* Frameworks */ = {
			isa = PBXFrameworksBuildPhase;
			buildActionMask = 2147483647;
			files = (
				DB6CBE0E2785F1D6002857B0 /* EssentialFeed.framework in Frameworks */,
			);
			runOnlyForDeploymentPostprocessing = 0;
		};
		DB9257C127971CCB007BADB6 /* Frameworks */ = {
			isa = PBXFrameworksBuildPhase;
			buildActionMask = 2147483647;
			files = (
				DB9ED6902797611200C3D639 /* EssentialFeed.framework in Frameworks */,
			);
			runOnlyForDeploymentPostprocessing = 0;
		};
		DB9257C827971CCC007BADB6 /* Frameworks */ = {
			isa = PBXFrameworksBuildPhase;
			buildActionMask = 2147483647;
			files = (
				DB9257CC27971CCC007BADB6 /* EssentialFeediOS.framework in Frameworks */,
			);
			runOnlyForDeploymentPostprocessing = 0;
		};
/* End PBXFrameworksBuildPhase section */

/* Begin PBXGroup section */
		DB027851274C5C3A00B37EF8 /* EssentialFeedAPIEndToEndTests */ = {
			isa = PBXGroup;
			children = (
				DB027852274C5C3A00B37EF8 /* EssentialFeedAPIEndToEndTests.swift */,
			);
			path = EssentialFeedAPIEndToEndTests;
			sourceTree = "<group>";
		};
		DB1523F42747334D00609A0E /* FeedAPI */ = {
			isa = PBXGroup;
			children = (
				DB167E862742A9B700B92CF1 /* LoadFeedFromRemoteUseCaseTests.swift */,
				DB767A222748637400AA6A2B /* URLSessionHTTPClientTests.swift */,
			);
			path = FeedAPI;
			sourceTree = "<group>";
		};
		DB167E882742EC2000B92CF1 /* FeedAPI */ = {
			isa = PBXGroup;
			children = (
				DB167E892742EC3E00B92CF1 /* RemoteFeedLoader.swift */,
				DB1523F227472CAE00609A0E /* FeedItemsMapper.swift */,
				DB668F1827693AEB00989F41 /* RemoteFeedItem.swift */,
				DB1523F027472C3700609A0E /* HTTPClient.swift */,
				DB02784A274C552C00B37EF8 /* URLSessionHTTPClient.swift */,
			);
			path = FeedAPI;
			sourceTree = "<group>";
		};
		DB19997A277EA22B001EF409 /* FeedStoreSpecs */ = {
			isa = PBXGroup;
			children = (
				DB199970277E9B29001EF409 /* FeedStoreSpecs.swift */,
				DB199972277E9C0C001EF409 /* XCTestCase+FeedStoreSpecs.swift */,
				DB199974277EA079001EF409 /* XCTestCase+FailableRetrieveFeedStoreSpecs.swift */,
				DB199976277EA10F001EF409 /* XCTestCase+FailableInsertFeedStoreSpecs.swift */,
				DB199978277EA196001EF409 /* XCTestCase+FailableDeleteFeedStoreSpecs.swift */,
			);
			path = FeedStoreSpecs;
			sourceTree = "<group>";
		};
		DB23C10827398A5100EDA29E = {
			isa = PBXGroup;
			children = (
				DB23C11427398A5100EDA29E /* EssentialFeed */,
				DB23C12027398A5100EDA29E /* EssentialFeedTests */,
				DB027851274C5C3A00B37EF8 /* EssentialFeedAPIEndToEndTests */,
				DB6CBE0B2785F1D6002857B0 /* EssentialFeedCacheIntegrationTests */,
				DB9257C527971CCB007BADB6 /* EssentialFeediOS */,
				DB9257CF27971CCC007BADB6 /* EssentialFeediOSTests */,
				DB23C11327398A5100EDA29E /* Products */,
				DB9ED68F2797611200C3D639 /* Frameworks */,
			);
			sourceTree = "<group>";
		};
		DB23C11327398A5100EDA29E /* Products */ = {
			isa = PBXGroup;
			children = (
				DB23C11227398A5100EDA29E /* EssentialFeed.framework */,
				DB23C11C27398A5100EDA29E /* EssentialFeedTests.xctest */,
				DB027850274C5C3A00B37EF8 /* EssentialFeedAPIEndToEndTests.xctest */,
				DB6CBE0A2785F1D6002857B0 /* EssentialFeedCacheIntegrationTests.xctest */,
				DB9257C427971CCB007BADB6 /* EssentialFeediOS.framework */,
				DB9257CB27971CCC007BADB6 /* EssentialFeediOSTests.xctest */,
			);
			name = Products;
			sourceTree = "<group>";
		};
		DB23C11427398A5100EDA29E /* EssentialFeed */ = {
			isa = PBXGroup;
			children = (
				DB23C11527398A5100EDA29E /* EssentialFeed.h */,
				DBE2B5EC2762BE2600AACF4F /* FeedCache */,
				DB23C1322739907F00EDA29E /* FeedFeature */,
				DB167E882742EC2000B92CF1 /* FeedAPI */,
			);
			path = EssentialFeed;
			sourceTree = "<group>";
		};
		DB23C12027398A5100EDA29E /* EssentialFeedTests */ = {
			isa = PBXGroup;
			children = (
				DB34E5F4274C02BC000A6954 /* Helpers */,
				DBE2B5E927621D7700AACF4F /* FeedCache */,
				DB1523F42747334D00609A0E /* FeedAPI */,
			);
			path = EssentialFeedTests;
			sourceTree = "<group>";
		};
		DB23C1322739907F00EDA29E /* FeedFeature */ = {
			isa = PBXGroup;
			children = (
				DB23C12E27398F9200EDA29E /* FeedImage.swift */,
				DB23C13027398FBA00EDA29E /* FeedLoader.swift */,
			);
			path = FeedFeature;
			sourceTree = "<group>";
		};
		DB34E5F4274C02BC000A6954 /* Helpers */ = {
			isa = PBXGroup;
			children = (
				DB34E5F5274C02F7000A6954 /* XCTestCase+MemoryLeakTracking.swift */,
				DBA532DB277B72B40039CED6 /* SharedTestHelpers.swift */,
			);
			path = Helpers;
			sourceTree = "<group>";
		};
		DB6CBDE327834B74002857B0 /* Infrastructure */ = {
			isa = PBXGroup;
			children = (
				DB6CBDE427834BCB002857B0 /* CoreData */,
			);
			path = Infrastructure;
			sourceTree = "<group>";
		};
		DB6CBDE427834BCB002857B0 /* CoreData */ = {
			isa = PBXGroup;
			children = (
				DB19997D2781235B001EF409 /* CoreDataFeedStore.swift */,
				DB6CBDE627834C98002857B0 /* CoreDataHelpers.swift */,
				DB6CBDE827834D0F002857B0 /* ManagedCache.swift */,
				DB6CBDEA27834D1D002857B0 /* ManagedFeedImage.swift */,
				DB19997F27812534001EF409 /* FeedStore.xcdatamodeld */,
			);
			path = CoreData;
			sourceTree = "<group>";
		};
		DB6CBE0B2785F1D6002857B0 /* EssentialFeedCacheIntegrationTests */ = {
			isa = PBXGroup;
			children = (
				DB6CBE0C2785F1D6002857B0 /* EssentialFeedCacheIntegrationTests.swift */,
			);
			path = EssentialFeedCacheIntegrationTests;
			sourceTree = "<group>";
		};
		DB84706F276A533D00E35820 /* Helpers */ = {
			isa = PBXGroup;
			children = (
				DB847070276A534700E35820 /* FeedStoreSpy.swift */,
				DBA532D9277B72080039CED6 /* FeedCacheTestHelpers.swift */,
			);
			path = Helpers;
			sourceTree = "<group>";
		};
		DB9257C527971CCB007BADB6 /* EssentialFeediOS */ = {
			isa = PBXGroup;
			children = (
				DBDEFBDD27A95DE6002E71DB /* Feed Image Loader */,
				DBDEFBE727A9789C002E71DB /* Feed Presentation */,
				DBDEFBDB27A95DA2002E71DB /* Feed UI */,
			);
			path = EssentialFeediOS;
			sourceTree = "<group>";
		};
		DB9257CF27971CCC007BADB6 /* EssentialFeediOSTests */ = {
			isa = PBXGroup;
			children = (
				DBDEFBC427A95761002E71DB /* Helpers */,
				DBDEFBDC27A95DAA002E71DB /* Feed UI */,
			);
			path = EssentialFeediOSTests;
			sourceTree = "<group>";
		};
		DB9ED68F2797611200C3D639 /* Frameworks */ = {
			isa = PBXGroup;
			children = (
			);
			name = Frameworks;
			sourceTree = "<group>";
		};
		DBDEFBC427A95761002E71DB /* Helpers */ = {
			isa = PBXGroup;
			children = (
				DBDEFBC527A95770002E71DB /* UIImage+TestHelpers.swift */,
				DBDEFBC727A957E8002E71DB /* UIRefreshControl+TestHelpers.swift */,
				DBDEFBC927A95829002E71DB /* UIButton+TestHelpers.swift */,
				DBDEFBCB27A9586E002E71DB /* UIControl+TestHelpers.swift */,
			);
			path = Helpers;
			sourceTree = "<group>";
		};
		DBDEFBCD27A95944002E71DB /* Controllers */ = {
			isa = PBXGroup;
			children = (
				DBFB29F027A171B60026BEE3 /* FeedViewController.swift */,
				DBDEFBE027A96182002E71DB /* FeedRefreshViewController.swift */,
				DBDEFBE227A9670C002E71DB /* FeedImageCellController.swift */,
			);
			path = Controllers;
			sourceTree = "<group>";
		};
		DBDEFBCE27A95973002E71DB /* Views */ = {
			isa = PBXGroup;
			children = (
				DB83ACB527A4845B00F4BFE3 /* FeedImageCell.swift */,
				DB36ABEE27A83AD20057DD83 /* UIView+Shimmering.swift */,
			);
			path = Views;
			sourceTree = "<group>";
		};
		DBDEFBCF27A95998002E71DB /* Controllers */ = {
			isa = PBXGroup;
			children = (
				DBDEFBD027A95B2D002E71DB /* Helpers */,
				DBE04DC427975DCB00F0D237 /* FeedViewControllerTests.swift */,
			);
			path = Controllers;
			sourceTree = "<group>";
		};
		DBDEFBD027A95B2D002E71DB /* Helpers */ = {
			isa = PBXGroup;
			children = (
				DBDEFBD127A95B40002E71DB /* FeedViewController+TestHelpers.swift */,
				DBDEFBD527A95C17002E71DB /* FeedImageCell+TestHelpers.swift */,
				DBDEFBD727A95C8C002E71DB /* FeedViewControllerTests+LoaderSpy.swift */,
				DBDEFBD927A95D06002E71DB /* FeedViewControllerTests+Assertions.swift */,
			);
			path = Helpers;
			sourceTree = "<group>";
		};
		DBDEFBDB27A95DA2002E71DB /* Feed UI */ = {
			isa = PBXGroup;
			children = (
				DBDEFBE427A96AE1002E71DB /* Composers */,
				DBDEFBCD27A95944002E71DB /* Controllers */,
				DBDEFBCE27A95973002E71DB /* Views */,
			);
			path = "Feed UI";
			sourceTree = "<group>";
		};
		DBDEFBDC27A95DAA002E71DB /* Feed UI */ = {
			isa = PBXGroup;
			children = (
				DBDEFBCF27A95998002E71DB /* Controllers */,
			);
			path = "Feed UI";
			sourceTree = "<group>";
		};
		DBDEFBDD27A95DE6002E71DB /* Feed Image Loader */ = {
			isa = PBXGroup;
			children = (
				DBDEFBDE27A95DFE002E71DB /* FeedImageDataLoader.swift */,
			);
			path = "Feed Image Loader";
			sourceTree = "<group>";
		};
		DBDEFBE427A96AE1002E71DB /* Composers */ = {
			isa = PBXGroup;
			children = (
				DBDEFBE527A96AF5002E71DB /* FeedUIComposer.swift */,
			);
			path = Composers;
			sourceTree = "<group>";
		};
		DBDEFBE727A9789C002E71DB /* Feed Presentation */ = {
			isa = PBXGroup;
			children = (
				DB0771B727AA844A000FCB41 /* FeedPresenter.swift */,
				DBDEFBE827A978B2002E71DB /* FeedViewModel.swift */,
				DBDEFBEA27A98E98002E71DB /* FeedImageViewModel.swift */,
			);
			path = "Feed Presentation";
			sourceTree = "<group>";
		};
		DBE2B5E927621D7700AACF4F /* FeedCache */ = {
			isa = PBXGroup;
			children = (
				DB84706F276A533D00E35820 /* Helpers */,
				DB19997A277EA22B001EF409 /* FeedStoreSpecs */,
				DBE2B5EA27621D9E00AACF4F /* CacheFeedUseCaseTests.swift */,
				DB84706D276A511900E35820 /* LoadFeedFromCacheUseCaseTests.swift */,
				DBA532D7277B6E9B0039CED6 /* ValidateFeedCacheUseCaseTests.swift */,
				DB19997B27812281001EF409 /* CoreDataFeedStoreTests.swift */,
			);
			path = FeedCache;
			sourceTree = "<group>";
		};
		DBE2B5EC2762BE2600AACF4F /* FeedCache */ = {
			isa = PBXGroup;
			children = (
				DB6CBDE327834B74002857B0 /* Infrastructure */,
				DBE2B5ED2762BE3C00AACF4F /* LocalFeedLoader.swift */,
				DBE2B5EF2762BEDD00AACF4F /* FeedStore.swift */,
				DB668F1A27693BBF00989F41 /* LocalFeedImage.swift */,
				DBA532DD277B82AD0039CED6 /* FeedCachePolicy.swift */,
			);
			path = FeedCache;
			sourceTree = "<group>";
		};
/* End PBXGroup section */

/* Begin PBXHeadersBuildPhase section */
		DB23C10D27398A5100EDA29E /* Headers */ = {
			isa = PBXHeadersBuildPhase;
			buildActionMask = 2147483647;
			files = (
				DB23C12327398A5100EDA29E /* EssentialFeed.h in Headers */,
			);
			runOnlyForDeploymentPostprocessing = 0;
		};
		DB9257BF27971CCB007BADB6 /* Headers */ = {
			isa = PBXHeadersBuildPhase;
			buildActionMask = 2147483647;
			files = (
			);
			runOnlyForDeploymentPostprocessing = 0;
		};
/* End PBXHeadersBuildPhase section */

/* Begin PBXNativeTarget section */
		DB02784F274C5C3A00B37EF8 /* EssentialFeedAPIEndToEndTests */ = {
			isa = PBXNativeTarget;
			buildConfigurationList = DB027857274C5C3A00B37EF8 /* Build configuration list for PBXNativeTarget "EssentialFeedAPIEndToEndTests" */;
			buildPhases = (
				DB02784C274C5C3A00B37EF8 /* Sources */,
				DB02784D274C5C3A00B37EF8 /* Frameworks */,
				DB02784E274C5C3A00B37EF8 /* Resources */,
			);
			buildRules = (
			);
			dependencies = (
				DB027856274C5C3A00B37EF8 /* PBXTargetDependency */,
			);
			name = EssentialFeedAPIEndToEndTests;
			productName = EssentialFeedAPIEndToEndTests;
			productReference = DB027850274C5C3A00B37EF8 /* EssentialFeedAPIEndToEndTests.xctest */;
			productType = "com.apple.product-type.bundle.unit-test";
		};
		DB23C11127398A5100EDA29E /* EssentialFeed */ = {
			isa = PBXNativeTarget;
			buildConfigurationList = DB23C12627398A5100EDA29E /* Build configuration list for PBXNativeTarget "EssentialFeed" */;
			buildPhases = (
				DB23C10D27398A5100EDA29E /* Headers */,
				DB23C10E27398A5100EDA29E /* Sources */,
				DB23C10F27398A5100EDA29E /* Frameworks */,
				DB23C11027398A5100EDA29E /* Resources */,
			);
			buildRules = (
			);
			dependencies = (
			);
			name = EssentialFeed;
			productName = EssentialFeed;
			productReference = DB23C11227398A5100EDA29E /* EssentialFeed.framework */;
			productType = "com.apple.product-type.framework";
		};
		DB23C11B27398A5100EDA29E /* EssentialFeedTests */ = {
			isa = PBXNativeTarget;
			buildConfigurationList = DB23C12927398A5100EDA29E /* Build configuration list for PBXNativeTarget "EssentialFeedTests" */;
			buildPhases = (
				DB23C11827398A5100EDA29E /* Sources */,
				DB23C11927398A5100EDA29E /* Frameworks */,
				DB23C11A27398A5100EDA29E /* Resources */,
			);
			buildRules = (
			);
			dependencies = (
				DB23C11F27398A5100EDA29E /* PBXTargetDependency */,
			);
			name = EssentialFeedTests;
			productName = EssentialFeedTests;
			productReference = DB23C11C27398A5100EDA29E /* EssentialFeedTests.xctest */;
			productType = "com.apple.product-type.bundle.unit-test";
		};
		DB6CBE092785F1D6002857B0 /* EssentialFeedCacheIntegrationTests */ = {
			isa = PBXNativeTarget;
			buildConfigurationList = DB6CBE112785F1D6002857B0 /* Build configuration list for PBXNativeTarget "EssentialFeedCacheIntegrationTests" */;
			buildPhases = (
				DB6CBE062785F1D6002857B0 /* Sources */,
				DB6CBE072785F1D6002857B0 /* Frameworks */,
				DB6CBE082785F1D6002857B0 /* Resources */,
			);
			buildRules = (
			);
			dependencies = (
				DB6CBE102785F1D6002857B0 /* PBXTargetDependency */,
			);
			name = EssentialFeedCacheIntegrationTests;
			productName = EssentialFeedCacheIntegrationTests;
			productReference = DB6CBE0A2785F1D6002857B0 /* EssentialFeedCacheIntegrationTests.xctest */;
			productType = "com.apple.product-type.bundle.unit-test";
		};
		DB9257C327971CCB007BADB6 /* EssentialFeediOS */ = {
			isa = PBXNativeTarget;
			buildConfigurationList = DB9257D327971CCC007BADB6 /* Build configuration list for PBXNativeTarget "EssentialFeediOS" */;
			buildPhases = (
				DB9257BF27971CCB007BADB6 /* Headers */,
				DB9257C027971CCB007BADB6 /* Sources */,
				DB9257C127971CCB007BADB6 /* Frameworks */,
				DB9257C227971CCB007BADB6 /* Resources */,
				DB9ED6942797611200C3D639 /* Embed Frameworks */,
			);
			buildRules = (
			);
			dependencies = (
				DB9ED6932797611200C3D639 /* PBXTargetDependency */,
			);
			name = EssentialFeediOS;
			productName = EssentialFeediOS;
			productReference = DB9257C427971CCB007BADB6 /* EssentialFeediOS.framework */;
			productType = "com.apple.product-type.framework";
		};
		DB9257CA27971CCC007BADB6 /* EssentialFeediOSTests */ = {
			isa = PBXNativeTarget;
			buildConfigurationList = DB9257D627971CCC007BADB6 /* Build configuration list for PBXNativeTarget "EssentialFeediOSTests" */;
			buildPhases = (
				DB9257C727971CCC007BADB6 /* Sources */,
				DB9257C827971CCC007BADB6 /* Frameworks */,
				DB9257C927971CCC007BADB6 /* Resources */,
			);
			buildRules = (
			);
			dependencies = (
				DB9257CE27971CCC007BADB6 /* PBXTargetDependency */,
			);
			name = EssentialFeediOSTests;
			productName = EssentialFeediOSTests;
			productReference = DB9257CB27971CCC007BADB6 /* EssentialFeediOSTests.xctest */;
			productType = "com.apple.product-type.bundle.unit-test";
		};
/* End PBXNativeTarget section */

/* Begin PBXProject section */
		DB23C10927398A5100EDA29E /* Project object */ = {
			isa = PBXProject;
			attributes = {
				BuildIndependentTargetsInParallel = 1;
				LastSwiftUpdateCheck = 1320;
				LastUpgradeCheck = 1310;
				TargetAttributes = {
					DB02784F274C5C3A00B37EF8 = {
						CreatedOnToolsVersion = 13.1;
					};
					DB23C11127398A5100EDA29E = {
						CreatedOnToolsVersion = 13.1;
						LastSwiftMigration = 1310;
					};
					DB23C11B27398A5100EDA29E = {
						CreatedOnToolsVersion = 13.1;
						LastSwiftMigration = 1310;
					};
					DB6CBE092785F1D6002857B0 = {
						CreatedOnToolsVersion = 13.1;
					};
					DB9257C327971CCB007BADB6 = {
						CreatedOnToolsVersion = 13.2.1;
						LastSwiftMigration = 1320;
					};
					DB9257CA27971CCC007BADB6 = {
						CreatedOnToolsVersion = 13.2.1;
						LastSwiftMigration = 1320;
					};
				};
			};
			buildConfigurationList = DB23C10C27398A5100EDA29E /* Build configuration list for PBXProject "EssentialFeed" */;
			compatibilityVersion = "Xcode 13.0";
			developmentRegion = en;
			hasScannedForEncodings = 0;
			knownRegions = (
				en,
				Base,
			);
			mainGroup = DB23C10827398A5100EDA29E;
			productRefGroup = DB23C11327398A5100EDA29E /* Products */;
			projectDirPath = "";
			projectRoot = "";
			targets = (
				DB23C11127398A5100EDA29E /* EssentialFeed */,
				DB23C11B27398A5100EDA29E /* EssentialFeedTests */,
				DB02784F274C5C3A00B37EF8 /* EssentialFeedAPIEndToEndTests */,
				DB6CBE092785F1D6002857B0 /* EssentialFeedCacheIntegrationTests */,
				DB9257C327971CCB007BADB6 /* EssentialFeediOS */,
				DB9257CA27971CCC007BADB6 /* EssentialFeediOSTests */,
			);
		};
/* End PBXProject section */

/* Begin PBXResourcesBuildPhase section */
		DB02784E274C5C3A00B37EF8 /* Resources */ = {
			isa = PBXResourcesBuildPhase;
			buildActionMask = 2147483647;
			files = (
			);
			runOnlyForDeploymentPostprocessing = 0;
		};
		DB23C11027398A5100EDA29E /* Resources */ = {
			isa = PBXResourcesBuildPhase;
			buildActionMask = 2147483647;
			files = (
			);
			runOnlyForDeploymentPostprocessing = 0;
		};
		DB23C11A27398A5100EDA29E /* Resources */ = {
			isa = PBXResourcesBuildPhase;
			buildActionMask = 2147483647;
			files = (
			);
			runOnlyForDeploymentPostprocessing = 0;
		};
		DB6CBE082785F1D6002857B0 /* Resources */ = {
			isa = PBXResourcesBuildPhase;
			buildActionMask = 2147483647;
			files = (
			);
			runOnlyForDeploymentPostprocessing = 0;
		};
		DB9257C227971CCB007BADB6 /* Resources */ = {
			isa = PBXResourcesBuildPhase;
			buildActionMask = 2147483647;
			files = (
			);
			runOnlyForDeploymentPostprocessing = 0;
		};
		DB9257C927971CCC007BADB6 /* Resources */ = {
			isa = PBXResourcesBuildPhase;
			buildActionMask = 2147483647;
			files = (
			);
			runOnlyForDeploymentPostprocessing = 0;
		};
/* End PBXResourcesBuildPhase section */

/* Begin PBXSourcesBuildPhase section */
		DB02784C274C5C3A00B37EF8 /* Sources */ = {
			isa = PBXSourcesBuildPhase;
			buildActionMask = 2147483647;
			files = (
				DB027853274C5C3A00B37EF8 /* EssentialFeedAPIEndToEndTests.swift in Sources */,
				DB02785A274C60E700B37EF8 /* XCTestCase+MemoryLeakTracking.swift in Sources */,
			);
			runOnlyForDeploymentPostprocessing = 0;
		};
		DB23C10E27398A5100EDA29E /* Sources */ = {
			isa = PBXSourcesBuildPhase;
			buildActionMask = 2147483647;
			files = (
				DB6CBDE727834C98002857B0 /* CoreDataHelpers.swift in Sources */,
				DB1523F327472CAE00609A0E /* FeedItemsMapper.swift in Sources */,
				DB23C13127398FBA00EDA29E /* FeedLoader.swift in Sources */,
				DB668F1927693AEB00989F41 /* RemoteFeedItem.swift in Sources */,
				DBA532DE277B82AD0039CED6 /* FeedCachePolicy.swift in Sources */,
				DB167E8A2742EC3E00B92CF1 /* RemoteFeedLoader.swift in Sources */,
				DB19998127812534001EF409 /* FeedStore.xcdatamodeld in Sources */,
				DB668F1B27693BBF00989F41 /* LocalFeedImage.swift in Sources */,
				DBE2B5F02762BEDD00AACF4F /* FeedStore.swift in Sources */,
				DBE2B5EE2762BE3C00AACF4F /* LocalFeedLoader.swift in Sources */,
				DB1523F127472C3700609A0E /* HTTPClient.swift in Sources */,
				DB23C12F27398F9200EDA29E /* FeedImage.swift in Sources */,
				DB02784B274C552C00B37EF8 /* URLSessionHTTPClient.swift in Sources */,
				DB6CBDE927834D0F002857B0 /* ManagedCache.swift in Sources */,
				DB19997E2781235B001EF409 /* CoreDataFeedStore.swift in Sources */,
				DB6CBDEB27834D1D002857B0 /* ManagedFeedImage.swift in Sources */,
			);
			runOnlyForDeploymentPostprocessing = 0;
		};
		DB23C11827398A5100EDA29E /* Sources */ = {
			isa = PBXSourcesBuildPhase;
			buildActionMask = 2147483647;
			files = (
				DBA532DA277B72080039CED6 /* FeedCacheTestHelpers.swift in Sources */,
				DBA532D8277B6E9B0039CED6 /* ValidateFeedCacheUseCaseTests.swift in Sources */,
				DB167E872742A9B700B92CF1 /* LoadFeedFromRemoteUseCaseTests.swift in Sources */,
				DB199977277EA10F001EF409 /* XCTestCase+FailableInsertFeedStoreSpecs.swift in Sources */,
				DB767A232748637400AA6A2B /* URLSessionHTTPClientTests.swift in Sources */,
				DB847071276A534700E35820 /* FeedStoreSpy.swift in Sources */,
				DBA532DC277B72B40039CED6 /* SharedTestHelpers.swift in Sources */,
				DBE2B5EB27621D9E00AACF4F /* CacheFeedUseCaseTests.swift in Sources */,
				DB199979277EA196001EF409 /* XCTestCase+FailableDeleteFeedStoreSpecs.swift in Sources */,
				DB199975277EA079001EF409 /* XCTestCase+FailableRetrieveFeedStoreSpecs.swift in Sources */,
				DB84706E276A511900E35820 /* LoadFeedFromCacheUseCaseTests.swift in Sources */,
				DB199971277E9B29001EF409 /* FeedStoreSpecs.swift in Sources */,
				DB34E5F6274C02F7000A6954 /* XCTestCase+MemoryLeakTracking.swift in Sources */,
				DB19997C27812281001EF409 /* CoreDataFeedStoreTests.swift in Sources */,
				DB199973277E9C0C001EF409 /* XCTestCase+FeedStoreSpecs.swift in Sources */,
			);
			runOnlyForDeploymentPostprocessing = 0;
		};
		DB6CBE062785F1D6002857B0 /* Sources */ = {
			isa = PBXSourcesBuildPhase;
			buildActionMask = 2147483647;
			files = (
				DB6CBE162785FB69002857B0 /* SharedTestHelpers.swift in Sources */,
				DB6CBE0D2785F1D6002857B0 /* EssentialFeedCacheIntegrationTests.swift in Sources */,
				DB6CBE152785FB4F002857B0 /* FeedCacheTestHelpers.swift in Sources */,
				DB6CBE142785F524002857B0 /* XCTestCase+MemoryLeakTracking.swift in Sources */,
			);
			runOnlyForDeploymentPostprocessing = 0;
		};
		DB9257C027971CCB007BADB6 /* Sources */ = {
			isa = PBXSourcesBuildPhase;
			buildActionMask = 2147483647;
			files = (
				DB0771B827AA844A000FCB41 /* FeedPresenter.swift in Sources */,
				DBDEFBDF27A95DFE002E71DB /* FeedImageDataLoader.swift in Sources */,
				DBDEFBE127A96182002E71DB /* FeedRefreshViewController.swift in Sources */,
				DB36ABEF27A83AD20057DD83 /* UIView+Shimmering.swift in Sources */,
				DBFB29F127A171B60026BEE3 /* FeedViewController.swift in Sources */,
				DB83ACB627A4845B00F4BFE3 /* FeedImageCell.swift in Sources */,
				DBDEFBEB27A98E98002E71DB /* FeedImageViewModel.swift in Sources */,
				DBDEFBE327A9670C002E71DB /* FeedImageCellController.swift in Sources */,
				DBDEFBE927A978B2002E71DB /* FeedViewModel.swift in Sources */,
				DBDEFBE627A96AF5002E71DB /* FeedUIComposer.swift in Sources */,
			);
			runOnlyForDeploymentPostprocessing = 0;
		};
		DB9257C727971CCC007BADB6 /* Sources */ = {
			isa = PBXSourcesBuildPhase;
			buildActionMask = 2147483647;
			files = (
				DBDEFBD227A95B40002E71DB /* FeedViewController+TestHelpers.swift in Sources */,
				DBDEFBDA27A95D06002E71DB /* FeedViewControllerTests+Assertions.swift in Sources */,
				DBE04DC527975DCB00F0D237 /* FeedViewControllerTests.swift in Sources */,
				DBDEFBCA27A95829002E71DB /* UIButton+TestHelpers.swift in Sources */,
				DBDEFBC827A957E8002E71DB /* UIRefreshControl+TestHelpers.swift in Sources */,
				DBDEFBD827A95C8C002E71DB /* FeedViewControllerTests+LoaderSpy.swift in Sources */,
				DBDEFBCC27A9586E002E71DB /* UIControl+TestHelpers.swift in Sources */,
				DBFB29EF27A165980026BEE3 /* XCTestCase+MemoryLeakTracking.swift in Sources */,
				DBDEFBC627A95770002E71DB /* UIImage+TestHelpers.swift in Sources */,
				DBDEFBD627A95C17002E71DB /* FeedImageCell+TestHelpers.swift in Sources */,
			);
			runOnlyForDeploymentPostprocessing = 0;
		};
/* End PBXSourcesBuildPhase section */

/* Begin PBXTargetDependency section */
		DB027856274C5C3A00B37EF8 /* PBXTargetDependency */ = {
			isa = PBXTargetDependency;
			target = DB23C11127398A5100EDA29E /* EssentialFeed */;
			targetProxy = DB027855274C5C3A00B37EF8 /* PBXContainerItemProxy */;
		};
		DB23C11F27398A5100EDA29E /* PBXTargetDependency */ = {
			isa = PBXTargetDependency;
			target = DB23C11127398A5100EDA29E /* EssentialFeed */;
			targetProxy = DB23C11E27398A5100EDA29E /* PBXContainerItemProxy */;
		};
		DB6CBE102785F1D6002857B0 /* PBXTargetDependency */ = {
			isa = PBXTargetDependency;
			target = DB23C11127398A5100EDA29E /* EssentialFeed */;
			targetProxy = DB6CBE0F2785F1D6002857B0 /* PBXContainerItemProxy */;
		};
		DB9257CE27971CCC007BADB6 /* PBXTargetDependency */ = {
			isa = PBXTargetDependency;
			target = DB9257C327971CCB007BADB6 /* EssentialFeediOS */;
			targetProxy = DB9257CD27971CCC007BADB6 /* PBXContainerItemProxy */;
		};
		DB9ED6932797611200C3D639 /* PBXTargetDependency */ = {
			isa = PBXTargetDependency;
			platformFilter = ios;
			target = DB23C11127398A5100EDA29E /* EssentialFeed */;
			targetProxy = DB9ED6922797611200C3D639 /* PBXContainerItemProxy */;
		};
/* End PBXTargetDependency section */

/* Begin XCBuildConfiguration section */
		DB027858274C5C3A00B37EF8 /* Debug */ = {
			isa = XCBuildConfiguration;
			buildSettings = {
				CODE_SIGN_STYLE = Automatic;
				COMBINE_HIDPI_IMAGES = YES;
				CURRENT_PROJECT_VERSION = 1;
				DEVELOPMENT_TEAM = BTPQF57VMN;
				GENERATE_INFOPLIST_FILE = YES;
				LD_RUNPATH_SEARCH_PATHS = (
					"$(inherited)",
					"@executable_path/../Frameworks",
					"@loader_path/../Frameworks",
				);
				MARKETING_VERSION = 1.0;
				PRODUCT_BUNDLE_IDENTIFIER = dantish.EssentialFeedAPIEndToEndTests;
				PRODUCT_NAME = "$(TARGET_NAME)";
				SUPPORTED_PLATFORMS = "macosx iphoneos iphonesimulator";
				SWIFT_EMIT_LOC_STRINGS = NO;
				SWIFT_VERSION = 5.0;
			};
			name = Debug;
		};
		DB027859274C5C3A00B37EF8 /* Release */ = {
			isa = XCBuildConfiguration;
			buildSettings = {
				CODE_SIGN_STYLE = Automatic;
				COMBINE_HIDPI_IMAGES = YES;
				CURRENT_PROJECT_VERSION = 1;
				DEVELOPMENT_TEAM = BTPQF57VMN;
				GENERATE_INFOPLIST_FILE = YES;
				LD_RUNPATH_SEARCH_PATHS = (
					"$(inherited)",
					"@executable_path/../Frameworks",
					"@loader_path/../Frameworks",
				);
				MARKETING_VERSION = 1.0;
				PRODUCT_BUNDLE_IDENTIFIER = dantish.EssentialFeedAPIEndToEndTests;
				PRODUCT_NAME = "$(TARGET_NAME)";
				SUPPORTED_PLATFORMS = "macosx iphoneos iphonesimulator";
				SWIFT_EMIT_LOC_STRINGS = NO;
				SWIFT_VERSION = 5.0;
			};
			name = Release;
		};
		DB23C12427398A5100EDA29E /* Debug */ = {
			isa = XCBuildConfiguration;
			buildSettings = {
				ALWAYS_SEARCH_USER_PATHS = NO;
				CLANG_ANALYZER_NONNULL = YES;
				CLANG_ANALYZER_NUMBER_OBJECT_CONVERSION = YES_AGGRESSIVE;
				CLANG_CXX_LANGUAGE_STANDARD = "gnu++17";
				CLANG_CXX_LIBRARY = "libc++";
				CLANG_ENABLE_MODULES = YES;
				CLANG_ENABLE_OBJC_ARC = YES;
				CLANG_ENABLE_OBJC_WEAK = YES;
				CLANG_WARN_BLOCK_CAPTURE_AUTORELEASING = YES;
				CLANG_WARN_BOOL_CONVERSION = YES;
				CLANG_WARN_COMMA = YES;
				CLANG_WARN_CONSTANT_CONVERSION = YES;
				CLANG_WARN_DEPRECATED_OBJC_IMPLEMENTATIONS = YES;
				CLANG_WARN_DIRECT_OBJC_ISA_USAGE = YES_ERROR;
				CLANG_WARN_DOCUMENTATION_COMMENTS = YES;
				CLANG_WARN_EMPTY_BODY = YES;
				CLANG_WARN_ENUM_CONVERSION = YES;
				CLANG_WARN_INFINITE_RECURSION = YES;
				CLANG_WARN_INT_CONVERSION = YES;
				CLANG_WARN_NON_LITERAL_NULL_CONVERSION = YES;
				CLANG_WARN_OBJC_IMPLICIT_RETAIN_SELF = YES;
				CLANG_WARN_OBJC_LITERAL_CONVERSION = YES;
				CLANG_WARN_OBJC_ROOT_CLASS = YES_ERROR;
				CLANG_WARN_QUOTED_INCLUDE_IN_FRAMEWORK_HEADER = YES;
				CLANG_WARN_RANGE_LOOP_ANALYSIS = YES;
				CLANG_WARN_STRICT_PROTOTYPES = YES;
				CLANG_WARN_SUSPICIOUS_MOVE = YES;
				CLANG_WARN_UNGUARDED_AVAILABILITY = YES_AGGRESSIVE;
				CLANG_WARN_UNREACHABLE_CODE = YES;
				CLANG_WARN__DUPLICATE_METHOD_MATCH = YES;
				COPY_PHASE_STRIP = NO;
				CURRENT_PROJECT_VERSION = 1;
				DEBUG_INFORMATION_FORMAT = dwarf;
				ENABLE_STRICT_OBJC_MSGSEND = YES;
				ENABLE_TESTABILITY = YES;
				GCC_C_LANGUAGE_STANDARD = gnu11;
				GCC_DYNAMIC_NO_PIC = NO;
				GCC_NO_COMMON_BLOCKS = YES;
				GCC_OPTIMIZATION_LEVEL = 0;
				GCC_PREPROCESSOR_DEFINITIONS = (
					"DEBUG=1",
					"$(inherited)",
				);
				GCC_WARN_64_TO_32_BIT_CONVERSION = YES;
				GCC_WARN_ABOUT_RETURN_TYPE = YES_ERROR;
				GCC_WARN_UNDECLARED_SELECTOR = YES;
				GCC_WARN_UNINITIALIZED_AUTOS = YES_AGGRESSIVE;
				GCC_WARN_UNUSED_FUNCTION = YES;
				GCC_WARN_UNUSED_VARIABLE = YES;
				MACOSX_DEPLOYMENT_TARGET = 11.6;
				MTL_ENABLE_DEBUG_INFO = INCLUDE_SOURCE;
				MTL_FAST_MATH = YES;
				ONLY_ACTIVE_ARCH = YES;
				SDKROOT = macosx;
				SWIFT_ACTIVE_COMPILATION_CONDITIONS = DEBUG;
				SWIFT_OPTIMIZATION_LEVEL = "-Onone";
				VERSIONING_SYSTEM = "apple-generic";
				VERSION_INFO_PREFIX = "";
			};
			name = Debug;
		};
		DB23C12527398A5100EDA29E /* Release */ = {
			isa = XCBuildConfiguration;
			buildSettings = {
				ALWAYS_SEARCH_USER_PATHS = NO;
				CLANG_ANALYZER_NONNULL = YES;
				CLANG_ANALYZER_NUMBER_OBJECT_CONVERSION = YES_AGGRESSIVE;
				CLANG_CXX_LANGUAGE_STANDARD = "gnu++17";
				CLANG_CXX_LIBRARY = "libc++";
				CLANG_ENABLE_MODULES = YES;
				CLANG_ENABLE_OBJC_ARC = YES;
				CLANG_ENABLE_OBJC_WEAK = YES;
				CLANG_WARN_BLOCK_CAPTURE_AUTORELEASING = YES;
				CLANG_WARN_BOOL_CONVERSION = YES;
				CLANG_WARN_COMMA = YES;
				CLANG_WARN_CONSTANT_CONVERSION = YES;
				CLANG_WARN_DEPRECATED_OBJC_IMPLEMENTATIONS = YES;
				CLANG_WARN_DIRECT_OBJC_ISA_USAGE = YES_ERROR;
				CLANG_WARN_DOCUMENTATION_COMMENTS = YES;
				CLANG_WARN_EMPTY_BODY = YES;
				CLANG_WARN_ENUM_CONVERSION = YES;
				CLANG_WARN_INFINITE_RECURSION = YES;
				CLANG_WARN_INT_CONVERSION = YES;
				CLANG_WARN_NON_LITERAL_NULL_CONVERSION = YES;
				CLANG_WARN_OBJC_IMPLICIT_RETAIN_SELF = YES;
				CLANG_WARN_OBJC_LITERAL_CONVERSION = YES;
				CLANG_WARN_OBJC_ROOT_CLASS = YES_ERROR;
				CLANG_WARN_QUOTED_INCLUDE_IN_FRAMEWORK_HEADER = YES;
				CLANG_WARN_RANGE_LOOP_ANALYSIS = YES;
				CLANG_WARN_STRICT_PROTOTYPES = YES;
				CLANG_WARN_SUSPICIOUS_MOVE = YES;
				CLANG_WARN_UNGUARDED_AVAILABILITY = YES_AGGRESSIVE;
				CLANG_WARN_UNREACHABLE_CODE = YES;
				CLANG_WARN__DUPLICATE_METHOD_MATCH = YES;
				COPY_PHASE_STRIP = NO;
				CURRENT_PROJECT_VERSION = 1;
				DEBUG_INFORMATION_FORMAT = "dwarf-with-dsym";
				ENABLE_NS_ASSERTIONS = NO;
				ENABLE_STRICT_OBJC_MSGSEND = YES;
				GCC_C_LANGUAGE_STANDARD = gnu11;
				GCC_NO_COMMON_BLOCKS = YES;
				GCC_WARN_64_TO_32_BIT_CONVERSION = YES;
				GCC_WARN_ABOUT_RETURN_TYPE = YES_ERROR;
				GCC_WARN_UNDECLARED_SELECTOR = YES;
				GCC_WARN_UNINITIALIZED_AUTOS = YES_AGGRESSIVE;
				GCC_WARN_UNUSED_FUNCTION = YES;
				GCC_WARN_UNUSED_VARIABLE = YES;
				MACOSX_DEPLOYMENT_TARGET = 11.6;
				MTL_ENABLE_DEBUG_INFO = NO;
				MTL_FAST_MATH = YES;
				SDKROOT = macosx;
				SWIFT_COMPILATION_MODE = wholemodule;
				SWIFT_OPTIMIZATION_LEVEL = "-O";
				VERSIONING_SYSTEM = "apple-generic";
				VERSION_INFO_PREFIX = "";
			};
			name = Release;
		};
		DB23C12727398A5100EDA29E /* Debug */ = {
			isa = XCBuildConfiguration;
			buildSettings = {
				CLANG_ENABLE_MODULES = YES;
				CODE_SIGN_STYLE = Automatic;
				COMBINE_HIDPI_IMAGES = YES;
				CURRENT_PROJECT_VERSION = 1;
				DEFINES_MODULE = YES;
				DEVELOPMENT_TEAM = BTPQF57VMN;
				DYLIB_COMPATIBILITY_VERSION = 1;
				DYLIB_CURRENT_VERSION = 1;
				DYLIB_INSTALL_NAME_BASE = "@rpath";
				GENERATE_INFOPLIST_FILE = YES;
				INFOPLIST_KEY_NSHumanReadableCopyright = "";
				INSTALL_PATH = "$(LOCAL_LIBRARY_DIR)/Frameworks";
				LD_RUNPATH_SEARCH_PATHS = (
					"$(inherited)",
					"@executable_path/../Frameworks",
					"@loader_path/Frameworks",
				);
				MARKETING_VERSION = 1.0;
				PRODUCT_BUNDLE_IDENTIFIER = dantish.EssentialFeed;
				PRODUCT_NAME = "$(TARGET_NAME:c99extidentifier)";
				SKIP_INSTALL = YES;
				SUPPORTED_PLATFORMS = "macosx iphoneos iphonesimulator";
				SWIFT_EMIT_LOC_STRINGS = YES;
				SWIFT_OPTIMIZATION_LEVEL = "-Onone";
				SWIFT_VERSION = 5.0;
			};
			name = Debug;
		};
		DB23C12827398A5100EDA29E /* Release */ = {
			isa = XCBuildConfiguration;
			buildSettings = {
				CLANG_ENABLE_MODULES = YES;
				CODE_SIGN_STYLE = Automatic;
				COMBINE_HIDPI_IMAGES = YES;
				CURRENT_PROJECT_VERSION = 1;
				DEFINES_MODULE = YES;
				DEVELOPMENT_TEAM = BTPQF57VMN;
				DYLIB_COMPATIBILITY_VERSION = 1;
				DYLIB_CURRENT_VERSION = 1;
				DYLIB_INSTALL_NAME_BASE = "@rpath";
				GENERATE_INFOPLIST_FILE = YES;
				INFOPLIST_KEY_NSHumanReadableCopyright = "";
				INSTALL_PATH = "$(LOCAL_LIBRARY_DIR)/Frameworks";
				LD_RUNPATH_SEARCH_PATHS = (
					"$(inherited)",
					"@executable_path/../Frameworks",
					"@loader_path/Frameworks",
				);
				MARKETING_VERSION = 1.0;
				PRODUCT_BUNDLE_IDENTIFIER = dantish.EssentialFeed;
				PRODUCT_NAME = "$(TARGET_NAME:c99extidentifier)";
				SKIP_INSTALL = YES;
				SUPPORTED_PLATFORMS = "macosx iphoneos iphonesimulator";
				SWIFT_EMIT_LOC_STRINGS = YES;
				SWIFT_VERSION = 5.0;
			};
			name = Release;
		};
		DB23C12A27398A5100EDA29E /* Debug */ = {
			isa = XCBuildConfiguration;
			buildSettings = {
				ALWAYS_EMBED_SWIFT_STANDARD_LIBRARIES = YES;
				CLANG_ENABLE_MODULES = YES;
				CODE_SIGN_STYLE = Automatic;
				COMBINE_HIDPI_IMAGES = YES;
				CURRENT_PROJECT_VERSION = 1;
				DEVELOPMENT_TEAM = BTPQF57VMN;
				GENERATE_INFOPLIST_FILE = YES;
				LD_RUNPATH_SEARCH_PATHS = (
					"$(inherited)",
					"@executable_path/../Frameworks",
					"@loader_path/../Frameworks",
				);
				MARKETING_VERSION = 1.0;
				PRODUCT_BUNDLE_IDENTIFIER = dantish.EssentialFeedTests;
				PRODUCT_NAME = "$(TARGET_NAME)";
				SUPPORTED_PLATFORMS = "macosx iphoneos iphonesimulator";
				SWIFT_EMIT_LOC_STRINGS = NO;
				SWIFT_OPTIMIZATION_LEVEL = "-Onone";
				SWIFT_VERSION = 5.0;
			};
			name = Debug;
		};
		DB23C12B27398A5100EDA29E /* Release */ = {
			isa = XCBuildConfiguration;
			buildSettings = {
				ALWAYS_EMBED_SWIFT_STANDARD_LIBRARIES = YES;
				CLANG_ENABLE_MODULES = YES;
				CODE_SIGN_STYLE = Automatic;
				COMBINE_HIDPI_IMAGES = YES;
				CURRENT_PROJECT_VERSION = 1;
				DEVELOPMENT_TEAM = BTPQF57VMN;
				GENERATE_INFOPLIST_FILE = YES;
				LD_RUNPATH_SEARCH_PATHS = (
					"$(inherited)",
					"@executable_path/../Frameworks",
					"@loader_path/../Frameworks",
				);
				MARKETING_VERSION = 1.0;
				PRODUCT_BUNDLE_IDENTIFIER = dantish.EssentialFeedTests;
				PRODUCT_NAME = "$(TARGET_NAME)";
				SUPPORTED_PLATFORMS = "macosx iphoneos iphonesimulator";
				SWIFT_EMIT_LOC_STRINGS = NO;
				SWIFT_VERSION = 5.0;
			};
			name = Release;
		};
		DB6CBE122785F1D6002857B0 /* Debug */ = {
			isa = XCBuildConfiguration;
			buildSettings = {
				CODE_SIGN_STYLE = Automatic;
				COMBINE_HIDPI_IMAGES = YES;
				CURRENT_PROJECT_VERSION = 1;
				DEVELOPMENT_TEAM = BTPQF57VMN;
				GENERATE_INFOPLIST_FILE = YES;
				LD_RUNPATH_SEARCH_PATHS = (
					"$(inherited)",
					"@executable_path/../Frameworks",
					"@loader_path/../Frameworks",
				);
				MARKETING_VERSION = 1.0;
				PRODUCT_BUNDLE_IDENTIFIER = dantish.EssentialFeedCacheIntegrationTests;
				PRODUCT_NAME = "$(TARGET_NAME)";
				SUPPORTED_PLATFORMS = "macosx iphoneos iphonesimulator";
				SWIFT_EMIT_LOC_STRINGS = NO;
				SWIFT_VERSION = 5.0;
			};
			name = Debug;
		};
		DB6CBE132785F1D6002857B0 /* Release */ = {
			isa = XCBuildConfiguration;
			buildSettings = {
				CODE_SIGN_STYLE = Automatic;
				COMBINE_HIDPI_IMAGES = YES;
				CURRENT_PROJECT_VERSION = 1;
				DEVELOPMENT_TEAM = BTPQF57VMN;
				GENERATE_INFOPLIST_FILE = YES;
				LD_RUNPATH_SEARCH_PATHS = (
					"$(inherited)",
					"@executable_path/../Frameworks",
					"@loader_path/../Frameworks",
				);
				MARKETING_VERSION = 1.0;
				PRODUCT_BUNDLE_IDENTIFIER = dantish.EssentialFeedCacheIntegrationTests;
				PRODUCT_NAME = "$(TARGET_NAME)";
				SUPPORTED_PLATFORMS = "macosx iphoneos iphonesimulator";
				SWIFT_EMIT_LOC_STRINGS = NO;
				SWIFT_VERSION = 5.0;
			};
			name = Release;
		};
		DB9257D427971CCC007BADB6 /* Debug */ = {
			isa = XCBuildConfiguration;
			buildSettings = {
				CLANG_ENABLE_MODULES = YES;
				CODE_SIGN_STYLE = Automatic;
				CURRENT_PROJECT_VERSION = 1;
				DEFINES_MODULE = YES;
				DEVELOPMENT_TEAM = BTPQF57VMN;
				DYLIB_COMPATIBILITY_VERSION = 1;
				DYLIB_CURRENT_VERSION = 1;
				DYLIB_INSTALL_NAME_BASE = "@rpath";
				GENERATE_INFOPLIST_FILE = YES;
				INFOPLIST_KEY_NSHumanReadableCopyright = "";
				INSTALL_PATH = "$(LOCAL_LIBRARY_DIR)/Frameworks";
				IPHONEOS_DEPLOYMENT_TARGET = 15.2;
				LD_RUNPATH_SEARCH_PATHS = (
					"$(inherited)",
					"@executable_path/Frameworks",
					"@loader_path/Frameworks",
				);
				MARKETING_VERSION = 1.0;
				PRODUCT_BUNDLE_IDENTIFIER = dantish.EssentialFeediOS;
				PRODUCT_NAME = "$(TARGET_NAME:c99extidentifier)";
				SDKROOT = iphoneos;
				SKIP_INSTALL = YES;
				SWIFT_EMIT_LOC_STRINGS = YES;
				SWIFT_OPTIMIZATION_LEVEL = "-Onone";
				SWIFT_VERSION = 5.0;
				TARGETED_DEVICE_FAMILY = "1,2";
			};
			name = Debug;
		};
		DB9257D527971CCC007BADB6 /* Release */ = {
			isa = XCBuildConfiguration;
			buildSettings = {
				CLANG_ENABLE_MODULES = YES;
				CODE_SIGN_STYLE = Automatic;
				CURRENT_PROJECT_VERSION = 1;
				DEFINES_MODULE = YES;
				DEVELOPMENT_TEAM = BTPQF57VMN;
				DYLIB_COMPATIBILITY_VERSION = 1;
				DYLIB_CURRENT_VERSION = 1;
				DYLIB_INSTALL_NAME_BASE = "@rpath";
				GENERATE_INFOPLIST_FILE = YES;
				INFOPLIST_KEY_NSHumanReadableCopyright = "";
				INSTALL_PATH = "$(LOCAL_LIBRARY_DIR)/Frameworks";
				IPHONEOS_DEPLOYMENT_TARGET = 15.2;
				LD_RUNPATH_SEARCH_PATHS = (
					"$(inherited)",
					"@executable_path/Frameworks",
					"@loader_path/Frameworks",
				);
				MARKETING_VERSION = 1.0;
				PRODUCT_BUNDLE_IDENTIFIER = dantish.EssentialFeediOS;
				PRODUCT_NAME = "$(TARGET_NAME:c99extidentifier)";
				SDKROOT = iphoneos;
				SKIP_INSTALL = YES;
				SWIFT_EMIT_LOC_STRINGS = YES;
				SWIFT_VERSION = 5.0;
				TARGETED_DEVICE_FAMILY = "1,2";
				VALIDATE_PRODUCT = YES;
			};
			name = Release;
		};
		DB9257D727971CCC007BADB6 /* Debug */ = {
			isa = XCBuildConfiguration;
			buildSettings = {
				ALWAYS_EMBED_SWIFT_STANDARD_LIBRARIES = YES;
				CLANG_ENABLE_MODULES = YES;
				CODE_SIGN_STYLE = Automatic;
				CURRENT_PROJECT_VERSION = 1;
				DEVELOPMENT_TEAM = BTPQF57VMN;
				GENERATE_INFOPLIST_FILE = YES;
				IPHONEOS_DEPLOYMENT_TARGET = 15.2;
				LD_RUNPATH_SEARCH_PATHS = (
					"$(inherited)",
					"@executable_path/Frameworks",
					"@loader_path/Frameworks",
				);
				MARKETING_VERSION = 1.0;
				PRODUCT_BUNDLE_IDENTIFIER = dantish.EssentialFeediOSTests;
				PRODUCT_NAME = "$(TARGET_NAME)";
				SDKROOT = iphoneos;
				SWIFT_EMIT_LOC_STRINGS = NO;
				SWIFT_OPTIMIZATION_LEVEL = "-Onone";
				SWIFT_VERSION = 5.0;
				TARGETED_DEVICE_FAMILY = "1,2";
			};
			name = Debug;
		};
		DB9257D827971CCC007BADB6 /* Release */ = {
			isa = XCBuildConfiguration;
			buildSettings = {
				ALWAYS_EMBED_SWIFT_STANDARD_LIBRARIES = YES;
				CLANG_ENABLE_MODULES = YES;
				CODE_SIGN_STYLE = Automatic;
				CURRENT_PROJECT_VERSION = 1;
				DEVELOPMENT_TEAM = BTPQF57VMN;
				GENERATE_INFOPLIST_FILE = YES;
				IPHONEOS_DEPLOYMENT_TARGET = 15.2;
				LD_RUNPATH_SEARCH_PATHS = (
					"$(inherited)",
					"@executable_path/Frameworks",
					"@loader_path/Frameworks",
				);
				MARKETING_VERSION = 1.0;
				PRODUCT_BUNDLE_IDENTIFIER = dantish.EssentialFeediOSTests;
				PRODUCT_NAME = "$(TARGET_NAME)";
				SDKROOT = iphoneos;
				SWIFT_EMIT_LOC_STRINGS = NO;
				SWIFT_VERSION = 5.0;
				TARGETED_DEVICE_FAMILY = "1,2";
				VALIDATE_PRODUCT = YES;
			};
			name = Release;
		};
/* End XCBuildConfiguration section */

/* Begin XCConfigurationList section */
		DB027857274C5C3A00B37EF8 /* Build configuration list for PBXNativeTarget "EssentialFeedAPIEndToEndTests" */ = {
			isa = XCConfigurationList;
			buildConfigurations = (
				DB027858274C5C3A00B37EF8 /* Debug */,
				DB027859274C5C3A00B37EF8 /* Release */,
			);
			defaultConfigurationIsVisible = 0;
			defaultConfigurationName = Release;
		};
		DB23C10C27398A5100EDA29E /* Build configuration list for PBXProject "EssentialFeed" */ = {
			isa = XCConfigurationList;
			buildConfigurations = (
				DB23C12427398A5100EDA29E /* Debug */,
				DB23C12527398A5100EDA29E /* Release */,
			);
			defaultConfigurationIsVisible = 0;
			defaultConfigurationName = Release;
		};
		DB23C12627398A5100EDA29E /* Build configuration list for PBXNativeTarget "EssentialFeed" */ = {
			isa = XCConfigurationList;
			buildConfigurations = (
				DB23C12727398A5100EDA29E /* Debug */,
				DB23C12827398A5100EDA29E /* Release */,
			);
			defaultConfigurationIsVisible = 0;
			defaultConfigurationName = Release;
		};
		DB23C12927398A5100EDA29E /* Build configuration list for PBXNativeTarget "EssentialFeedTests" */ = {
			isa = XCConfigurationList;
			buildConfigurations = (
				DB23C12A27398A5100EDA29E /* Debug */,
				DB23C12B27398A5100EDA29E /* Release */,
			);
			defaultConfigurationIsVisible = 0;
			defaultConfigurationName = Release;
		};
		DB6CBE112785F1D6002857B0 /* Build configuration list for PBXNativeTarget "EssentialFeedCacheIntegrationTests" */ = {
			isa = XCConfigurationList;
			buildConfigurations = (
				DB6CBE122785F1D6002857B0 /* Debug */,
				DB6CBE132785F1D6002857B0 /* Release */,
			);
			defaultConfigurationIsVisible = 0;
			defaultConfigurationName = Release;
		};
		DB9257D327971CCC007BADB6 /* Build configuration list for PBXNativeTarget "EssentialFeediOS" */ = {
			isa = XCConfigurationList;
			buildConfigurations = (
				DB9257D427971CCC007BADB6 /* Debug */,
				DB9257D527971CCC007BADB6 /* Release */,
			);
			defaultConfigurationIsVisible = 0;
			defaultConfigurationName = Release;
		};
		DB9257D627971CCC007BADB6 /* Build configuration list for PBXNativeTarget "EssentialFeediOSTests" */ = {
			isa = XCConfigurationList;
			buildConfigurations = (
				DB9257D727971CCC007BADB6 /* Debug */,
				DB9257D827971CCC007BADB6 /* Release */,
			);
			defaultConfigurationIsVisible = 0;
			defaultConfigurationName = Release;
		};
/* End XCConfigurationList section */

/* Begin XCVersionGroup section */
		DB19997F27812534001EF409 /* FeedStore.xcdatamodeld */ = {
			isa = XCVersionGroup;
			children = (
				DB19998027812534001EF409 /* FeedStore.xcdatamodel */,
			);
			currentVersion = DB19998027812534001EF409 /* FeedStore.xcdatamodel */;
			path = FeedStore.xcdatamodeld;
			sourceTree = "<group>";
			versionGroupType = wrapper.xcdatamodel;
		};
/* End XCVersionGroup section */
	};
	rootObject = DB23C10927398A5100EDA29E /* Project object */;
}
