<?xml version="1.0" encoding="UTF-8"?>
<Scheme
   LastUpgradeVersion = "1310"
   version = "1.3">
   <BuildAction
      parallelizeBuildables = "YES"
      buildImplicitDependencies = "YES">
      <BuildActionEntries>
         <BuildActionEntry
            buildForTesting = "YES"
            buildForRunning = "YES"
            buildForProfiling = "YES"
            buildForArchiving = "YES"
            buildForAnalyzing = "YES">
            <BuildableReference
               BuildableIdentifier = "primary"
               BlueprintIdentifier = "DB23C11127398A5100EDA29E"
               BuildableName = "EssentialFeed.framework"
               BlueprintName = "EssentialFeed"
               ReferencedContainer = "container:../EssentialFeed/EssentialFeed.xcodeproj">
            </BuildableReference>
         </BuildActionEntry>
      </BuildActionEntries>
   </BuildAction>
   <TestAction
      buildConfiguration = "Debug"
      selectedDebuggerIdentifier = "Xcode.DebuggerFoundation.Debugger.LLDB"
      selectedLauncherIdentifier = "Xcode.DebuggerFoundation.Launcher.LLDB"
      shouldUseLaunchSchemeArgsEnv = "YES"
      codeCoverageEnabled = "YES"
      onlyGenerateCoverageForSpecifiedTargets = "YES">
      <CodeCoverageTargets>
         <BuildableReference
            BuildableIdentifier = "primary"
            BlueprintIdentifier = "DB23C11127398A5100EDA29E"
            BuildableName = "EssentialFeed.framework"
            BlueprintName = "EssentialFeed"
            ReferencedContainer = "container:../EssentialFeed/EssentialFeed.xcodeproj">
         </BuildableReference>
         <BuildableReference
            BuildableIdentifier = "primary"
            BlueprintIdentifier = "DB9257C327971CCB007BADB6"
            BuildableName = "EssentialFeediOS.framework"
            BlueprintName = "EssentialFeediOS"
            ReferencedContainer = "container:../EssentialFeed/EssentialFeed.xcodeproj">
         </BuildableReference>
         <BuildableReference
            BuildableIdentifier = "primary"
            BlueprintIdentifier = "DBF286712837C367000E53D3"
            BuildableName = "EssentialApp.app"
            BlueprintName = "EssentialApp"
            ReferencedContainer = "container:EssentialApp.xcodeproj">
         </BuildableReference>
      </CodeCoverageTargets>
      <Testables>
         <TestableReference
            skipped = "NO"
            testExecutionOrdering = "random">
            <BuildableReference
               BuildableIdentifier = "primary"
               BlueprintIdentifier = "DB23C11B27398A5100EDA29E"
               BuildableName = "EssentialFeedTests.xctest"
               BlueprintName = "EssentialFeedTests"
               ReferencedContainer = "container:../EssentialFeed/EssentialFeed.xcodeproj">
            </BuildableReference>
         </TestableReference>
         <TestableReference
            skipped = "NO"
            testExecutionOrdering = "random">
            <BuildableReference
               BuildableIdentifier = "primary"
               BlueprintIdentifier = "DB02784F274C5C3A00B37EF8"
               BuildableName = "EssentialFeedAPIEndToEndTests.xctest"
               BlueprintName = "EssentialFeedAPIEndToEndTests"
               ReferencedContainer = "container:../EssentialFeed/EssentialFeed.xcodeproj">
            </BuildableReference>
         </TestableReference>
         <TestableReference
            skipped = "NO"
            testExecutionOrdering = "random">
            <BuildableReference
               BuildableIdentifier = "primary"
               BlueprintIdentifier = "DB6CBE092785F1D6002857B0"
               BuildableName = "EssentialFeedCacheIntegrationTests.xctest"
               BlueprintName = "EssentialFeedCacheIntegrationTests"
               ReferencedContainer = "container:../EssentialFeed/EssentialFeed.xcodeproj">
            </BuildableReference>
         </TestableReference>
         <TestableReference
            skipped = "NO"
            testExecutionOrdering = "random">
            <BuildableReference
               BuildableIdentifier = "primary"
               BlueprintIdentifier = "DB9257CA27971CCC007BADB6"
               BuildableName = "EssentialFeediOSTests.xctest"
               BlueprintName = "EssentialFeediOSTests"
               ReferencedContainer = "container:../EssentialFeed/EssentialFeed.xcodeproj">
            </BuildableReference>
         </TestableReference>
         <TestableReference
            skipped = "NO"
            testExecutionOrdering = "random">
            <BuildableReference
               BuildableIdentifier = "primary"
               BlueprintIdentifier = "DBF286872837C369000E53D3"
               BuildableName = "EssentialAppTests.xctest"
               BlueprintName = "EssentialAppTests"
               ReferencedContainer = "container:EssentialApp.xcodeproj">
            </BuildableReference>
         </TestableReference>
      </Testables>
   </TestAction>
   <LaunchAction
      buildConfiguration = "Debug"
      selectedDebuggerIdentifier = "Xcode.DebuggerFoundation.Debugger.LLDB"
      selectedLauncherIdentifier = "Xcode.DebuggerFoundation.Launcher.LLDB"
      launchStyle = "0"
      useCustomWorkingDirectory = "NO"
      ignoresPersistentStateOnLaunch = "NO"
      debugDocumentVersioning = "YES"
      debugServiceExtension = "internal"
      allowLocationSimulation = "YES">
      <MacroExpansion>
         <BuildableReference
            BuildableIdentifier = "primary"
            BlueprintIdentifier = "DB23C11127398A5100EDA29E"
            BuildableName = "EssentialFeed.framework"
            BlueprintName = "EssentialFeed"
            ReferencedContainer = "container:../EssentialFeed/EssentialFeed.xcodeproj">
         </BuildableReference>
      </MacroExpansion>
   </LaunchAction>
   <ProfileAction
      buildConfiguration = "Release"
      shouldUseLaunchSchemeArgsEnv = "YES"
      savedToolIdentifier = ""
      useCustomWorkingDirectory = "NO"
      debugDocumentVersioning = "YES">
      <MacroExpansion>
         <BuildableReference
            BuildableIdentifier = "primary"
            BlueprintIdentifier = "DB23C11127398A5100EDA29E"
            BuildableName = "EssentialFeed.framework"
            BlueprintName = "EssentialFeed"
            ReferencedContainer = "container:../EssentialFeed/EssentialFeed.xcodeproj">
         </BuildableReference>
      </MacroExpansion>
   </ProfileAction>
   <AnalyzeAction
      buildConfiguration = "Debug">
   </AnalyzeAction>
   <ArchiveAction
      buildConfiguration = "Release"
      revealArchiveInOrganizer = "YES">
   </ArchiveAction>
</Scheme>
